{
  "version": 4,
  "terraform_version": "0.14.5",
  "serial": 13,
  "lineage": "110dc9b2-7724-08cf-5860-3e38c774b599",
  "outputs": {},
  "resources": [
    {
      "mode": "managed",
      "type": "aws_api_gateway_deployment",
      "name": "example",
      "provider": "provider[\"registry.terraform.io/hashicorp/aws\"]",
      "instances": [
        {
          "schema_version": 0,
          "attributes": {
            "created_date": "2021-01-29T11:23:43Z",
            "description": "",
            "execution_arn": "arn:aws:execute-api:ap-southeast-2:122847699768:8dldc7wq8e/test",
            "id": "wjthm0",
            "invoke_url": "https://8dldc7wq8e.execute-api.ap-southeast-2.amazonaws.com/test",
            "rest_api_id": "8dldc7wq8e",
            "stage_description": null,
            "stage_name": "test",
            "triggers": null,
            "variables": null
          },
          "sensitive_attributes": [],
          "private": "bnVsbA==",
          "dependencies": [
            "aws_api_gateway_integration.lambda",
            "aws_api_gateway_integration.lambda_root",
            "aws_api_gateway_method.proxy",
            "aws_api_gateway_method.proxy_root",
            "aws_api_gateway_resource.proxy",
            "aws_api_gateway_rest_api.example",
            "aws_lambda_function.example"
          ]
        }
      ]
    },
    {
      "mode": "managed",
      "type": "aws_api_gateway_integration",
      "name": "lambda",
      "provider": "provider[\"registry.terraform.io/hashicorp/aws\"]",
      "instances": [
        {
          "schema_version": 0,
          "attributes": {
            "cache_key_parameters": null,
            "cache_namespace": "4hxf7u",
            "connection_id": "",
            "connection_type": "INTERNET",
            "content_handling": "",
            "credentials": "",
            "http_method": "ANY",
            "id": "agi-8dldc7wq8e-4hxf7u-ANY",
            "integration_http_method": "POST",
            "passthrough_behavior": "WHEN_NO_MATCH",
            "request_parameters": null,
            "request_templates": null,
            "resource_id": "4hxf7u",
            "rest_api_id": "8dldc7wq8e",
            "timeout_milliseconds": 29000,
            "tls_config": [],
            "type": "AWS_PROXY",
            "uri": "arn:aws:apigateway:ap-southeast-2:lambda:path/2015-03-31/functions/arn:aws:lambda:ap-southeast-2:122847699768:function:ServerlessExample/invocations"
          },
          "sensitive_attributes": [],
          "private": "bnVsbA==",
          "dependencies": [
            "aws_api_gateway_method.proxy",
            "aws_api_gateway_resource.proxy",
            "aws_api_gateway_rest_api.example",
            "aws_lambda_function.example"
          ]
        }
      ]
    },
    {
      "mode": "managed",
      "type": "aws_api_gateway_integration",
      "name": "lambda_root",
      "provider": "provider[\"registry.terraform.io/hashicorp/aws\"]",
      "instances": [
        {
          "schema_version": 0,
          "attributes": {
            "cache_key_parameters": null,
            "cache_namespace": "yxzpn687ok",
            "connection_id": "",
            "connection_type": "INTERNET",
            "content_handling": "",
            "credentials": "",
            "http_method": "ANY",
            "id": "agi-8dldc7wq8e-yxzpn687ok-ANY",
            "integration_http_method": "POST",
            "passthrough_behavior": "WHEN_NO_MATCH",
            "request_parameters": null,
            "request_templates": null,
            "resource_id": "yxzpn687ok",
            "rest_api_id": "8dldc7wq8e",
            "timeout_milliseconds": 29000,
            "tls_config": [],
            "type": "AWS_PROXY",
            "uri": "arn:aws:apigateway:ap-southeast-2:lambda:path/2015-03-31/functions/arn:aws:lambda:ap-southeast-2:122847699768:function:ServerlessExample/invocations"
          },
          "sensitive_attributes": [],
          "private": "bnVsbA==",
          "dependencies": [
            "aws_api_gateway_method.proxy_root",
            "aws_api_gateway_rest_api.example",
            "aws_lambda_function.example"
          ]
        }
      ]
    },
    {
      "mode": "managed",
      "type": "aws_api_gateway_method",
      "name": "proxy",
      "provider": "provider[\"registry.terraform.io/hashicorp/aws\"]",
      "instances": [
        {
          "schema_version": 0,
          "attributes": {
            "api_key_required": false,
            "authorization": "NONE",
            "authorization_scopes": null,
            "authorizer_id": null,
            "http_method": "ANY",
            "id": "agm-8dldc7wq8e-4hxf7u-ANY",
            "operation_name": null,
            "request_models": null,
            "request_parameters": null,
            "request_validator_id": null,
            "resource_id": "4hxf7u",
            "rest_api_id": "8dldc7wq8e"
          },
          "sensitive_attributes": [],
          "private": "bnVsbA==",
          "dependencies": [
            "aws_api_gateway_resource.proxy",
            "aws_api_gateway_rest_api.example"
          ]
        }
      ]
    },
    {
      "mode": "managed",
      "type": "aws_api_gateway_method",
      "name": "proxy_root",
      "provider": "provider[\"registry.terraform.io/hashicorp/aws\"]",
      "instances": [
        {
          "schema_version": 0,
          "attributes": {
            "api_key_required": false,
            "authorization": "NONE",
            "authorization_scopes": null,
            "authorizer_id": null,
            "http_method": "ANY",
            "id": "agm-8dldc7wq8e-yxzpn687ok-ANY",
            "operation_name": null,
            "request_models": null,
            "request_parameters": null,
            "request_validator_id": null,
            "resource_id": "yxzpn687ok",
            "rest_api_id": "8dldc7wq8e"
          },
          "sensitive_attributes": [],
          "private": "bnVsbA==",
          "dependencies": [
            "aws_api_gateway_rest_api.example"
          ]
        }
      ]
    },
    {
      "mode": "managed",
      "type": "aws_api_gateway_resource",
      "name": "proxy",
      "provider": "provider[\"registry.terraform.io/hashicorp/aws\"]",
      "instances": [
        {
          "schema_version": 0,
          "attributes": {
            "id": "4hxf7u",
            "parent_id": "yxzpn687ok",
            "path": "/{proxy+}",
            "path_part": "{proxy+}",
            "rest_api_id": "8dldc7wq8e"
          },
          "sensitive_attributes": [],
          "private": "bnVsbA==",
          "dependencies": [
            "aws_api_gateway_rest_api.example"
          ]
        }
      ]
    },
    {
      "mode": "managed",
      "type": "aws_api_gateway_rest_api",
      "name": "example",
      "provider": "provider[\"registry.terraform.io/hashicorp/aws\"]",
      "instances": [
        {
          "schema_version": 0,
          "attributes": {
            "api_key_source": "HEADER",
            "arn": "arn:aws:apigateway:ap-southeast-2::/restapis/8dldc7wq8e",
            "binary_media_types": [],
            "body": null,
            "created_date": "2021-01-29T11:23:41Z",
            "description": "Terraform Serverless Application Example",
            "disable_execute_api_endpoint": false,
            "endpoint_configuration": [
              {
                "types": [
                  "EDGE"
                ],
                "vpc_endpoint_ids": []
              }
            ],
            "execution_arn": "arn:aws:execute-api:ap-southeast-2:122847699768:8dldc7wq8e",
            "id": "8dldc7wq8e",
            "minimum_compression_size": -1,
            "name": "ServerlessExample",
            "parameters": null,
            "policy": "",
            "root_resource_id": "yxzpn687ok",
            "tags": null
          },
          "sensitive_attributes": [],
          "private": "bnVsbA=="
        }
      ]
    },
    {
      "mode": "managed",
      "type": "aws_iam_role",
      "name": "lambda_exec",
      "provider": "provider[\"registry.terraform.io/hashicorp/aws\"]",
      "instances": [
        {
          "schema_version": 0,
          "attributes": {
            "arn": "arn:aws:iam::122847699768:role/serverless_example_lambda",
            "assume_role_policy": "{\"Version\":\"2012-10-17\",\"Statement\":[{\"Sid\":\"\",\"Effect\":\"Allow\",\"Principal\":{\"Service\":\"lambda.amazonaws.com\"},\"Action\":\"sts:AssumeRole\"}]}",
            "create_date": "2021-01-29T11:15:25Z",
            "description": "",
            "force_detach_policies": false,
            "id": "serverless_example_lambda",
            "max_session_duration": 3600,
            "name": "serverless_example_lambda",
            "name_prefix": null,
            "path": "/",
            "permissions_boundary": null,
            "tags": {},
            "unique_id": "AROARZGSLEM4NGTCOLD6R"
          },
          "sensitive_attributes": [],
          "private": "bnVsbA=="
        }
      ]
    },
    {
      "mode": "managed",
      "type": "aws_lambda_function",
      "name": "example",
      "provider": "provider[\"registry.terraform.io/hashicorp/aws\"]",
      "instances": [
        {
          "schema_version": 0,
          "attributes": {
            "arn": "arn:aws:lambda:ap-southeast-2:122847699768:function:ServerlessExample",
            "code_signing_config_arn": "",
            "dead_letter_config": [],
            "description": "",
            "environment": [],
            "file_system_config": [],
            "filename": null,
            "function_name": "ServerlessExample",
            "handler": "main.handler",
            "id": "ServerlessExample",
            "image_config": [],
            "image_uri": "",
            "invoke_arn": "arn:aws:apigateway:ap-southeast-2:lambda:path/2015-03-31/functions/arn:aws:lambda:ap-southeast-2:122847699768:function:ServerlessExample/invocations",
            "kms_key_arn": "",
            "last_modified": "2021-01-29T11:21:10.191+0000",
            "layers": [],
            "memory_size": 128,
            "package_type": "Zip",
            "publish": false,
            "qualified_arn": "arn:aws:lambda:ap-southeast-2:122847699768:function:ServerlessExample:$LATEST",
            "reserved_concurrent_executions": -1,
            "role": "arn:aws:iam::122847699768:role/serverless_example_lambda",
            "runtime": "nodejs10.x",
            "s3_bucket": "terraform-serverless-jrdevops-holly",
            "s3_key": "v1.0.0/example.zip",
            "s3_object_version": null,
            "signing_job_arn": "",
            "signing_profile_version_arn": "",
            "source_code_hash": "4gjeM2ZoC1jMqUVOQFjxuyeNYtMcE1w5ZxNBF1M2Tk4=",
            "source_code_size": 353,
            "tags": {},
            "timeout": 3,
            "timeouts": null,
            "tracing_config": [
              {
                "mode": "PassThrough"
              }
            ],
            "version": "$LATEST",
            "vpc_config": []
          },
          "sensitive_attributes": [],
          "private": "eyJlMmJmYjczMC1lY2FhLTExZTYtOGY4OC0zNDM2M2JjN2M0YzAiOnsiY3JlYXRlIjo2MDAwMDAwMDAwMDB9fQ==",
          "dependencies": [
            "aws_iam_role.lambda_exec"
          ]
        }
      ]
    }
  ]
}
